
Microsoft Visual Studio Solution File, Format Version 12.00
# Visual Studio Version 16
VisualStudioVersion = 16.0.30413.136
MinimumVisualStudioVersion = 10.0.40219.1
Project("{FAE04EC0-301F-11D3-BF4B-00C04F79EFBC}") = "xadres-console", "xadres-console.csproj", "{B203F213-E02D-4228-B90A-4188288B1E08}"
EndProject
Global
	GlobalSection(SolutionConfigurationPlatforms) = preSolution
		Debug|Any CPU = Debug|Any CPU
		Release|Any CPU = Release|Any CPU
	EndGlobalSection
	GlobalSection(ProjectConfigurationPlatforms) = postSolution
		{B203F213-E02D-4228-B90A-4188288B1E08}.Debug|Any CPU.ActiveCfg = Debug|Any CPU
		{B203F213-E02D-4228-B90A-4188288B1E08}.Debug|Any CPU.Build.0 = Debug|Any CPU
		{B203F213-E02D-4228-B90A-4188288B1E08}.Release|Any CPU.ActiveCfg = Release|Any CPU
		{B203F213-E02D-4228-B90A-4188288B1E08}.Release|Any CPU.Build.0 = Release|Any CPU
	EndGlobalSection
	GlobalSection(SolutionProperties) = preSolution
		HideSolutionNode = FALSE
	EndGlobalSection
	GlobalSection(ExtensibilityGlobals) = postSolution
		SolutionGuid = {ADF21C5C-7EB0-4961-B5BD-F0A83F5AEBEB}
	EndGlobalSection
EndGlobal
